// !$*UTF8*$!
{
	archiveVersion = 1;
	classes = {
	};
	objectVersion = 77;
	objects = {

/* Begin PBXBuildFile section */
		CE4006C62ED9C0940054D39F /* AppSettings.plist in Resources */ = {isa = PBXBuildFile; fileRef = CE4006C52ED9C0940054D39F /* AppSettings.plist */; };
		CE7720642EEFFF50005AB565 /* FirebaseDatabase in Frameworks */ = {isa = PBXBuildFile; productRef = CE7720632EEFFF50005AB565 /* FirebaseDatabase */; };
		CE7720662EEFFF50005AB565 /* FirebaseInstallations in Frameworks */ = {isa = PBXBuildFile; productRef = CE7720652EEFFF50005AB565 /* FirebaseInstallations */; };
		CE7720682EEFFF50005AB565 /* FirebaseMessaging in Frameworks */ = {isa = PBXBuildFile; productRef = CE7720672EEFFF50005AB565 /* FirebaseMessaging */; };
		CE77206D2EF00037005AB565 /* FirebaseAuth in Frameworks */ = {isa = PBXBuildFile; productRef = CE77206C2EF00037005AB565 /* FirebaseAuth */; };
		CE77206F2EF00079005AB565 /* FirebaseAnalytics in Frameworks */ = {isa = PBXBuildFile; productRef = CE77206E2EF00079005AB565 /* FirebaseAnalytics */; };
		CEB7B8E72F2751190094E4B4 /* UserNotifications.framework in Frameworks */ = {isa = PBXBuildFile; fileRef = CEB7B8E62F2751190094E4B4 /* UserNotifications.framework */; };
		CEB7B9242F275B590094E4B4 /* GoogleService-Info.plist in Resources */ = {isa = PBXBuildFile; fileRef = CEB7B9232F275B590094E4B4 /* GoogleService-Info.plist */; };
		CEB7B9E52F276C400094E4B4 /* AppsFlyerLib-Static in Frameworks */ = {isa = PBXBuildFile; productRef = CEB7B9E42F276C400094E4B4 /* AppsFlyerLib-Static */; };
		CEBCC4062F3F4C7D00159927 /* Onest-SemiBold.ttf in Resources */ = {isa = PBXBuildFile; fileRef = CEBCC3EF2F3F4C7D00159927 /* Onest-SemiBold.ttf */; };
		CEBCC4072F3F4C7D00159927 /* Onest-Medium.ttf in Resources */ = {isa = PBXBuildFile; fileRef = CEBCC3EE2F3F4C7D00159927 /* Onest-Medium.ttf */; };
		CEBCC4092F3F4C7D00159927 /* Assets.xcassets in Resources */ = {isa = PBXBuildFile; fileRef = CEBCC4002F3F4C7D00159927 /* Assets.xcassets */; };
		CEBCC40A2F3F4C7D00159927 /* DeleteConfirmationSheet.swift in Sources */ = {isa = PBXBuildFile; fileRef = CEBCC3F92F3F4C7D00159927 /* DeleteConfirmationSheet.swift */; };
		CEBCC40B2F3F4C7D00159927 /* AnimalCard.swift in Sources */ = {isa = PBXBuildFile; fileRef = CEBCC3F62F3F4C7D00159927 /* AnimalCard.swift */; };
		CEBCC40C2F3F4C7D00159927 /* BottomBar.swift in Sources */ = {isa = PBXBuildFile; fileRef = CEBCC3F82F3F4C7D00159927 /* BottomBar.swift */; };
		CEBCC40D2F3F4C7D00159927 /* Loading.swift in Sources */ = {isa = PBXBuildFile; fileRef = CEBCC3FA2F3F4C7D00159927 /* Loading.swift */; };
		CEBCC40E2F3F4C7D00159927 /* SaleCard.swift in Sources */ = {isa = PBXBuildFile; fileRef = CEBCC3FC2F3F4C7D00159927 /* SaleCard.swift */; };
		CEBCC40F2F3F4C7D00159927 /* Animal.swift in Sources */ = {isa = PBXBuildFile; fileRef = CEBCC3F12F3F4C7D00159927 /* Animal.swift */; };
		CEBCC4102F3F4C7D00159927 /* NavigationGuard.swift in Sources */ = {isa = PBXBuildFile; fileRef = CEBCC3E92F3F4C7D00159927 /* NavigationGuard.swift */; };
		CEBCC4122F3F4C7D00159927 /* Sale.swift in Sources */ = {isa = PBXBuildFile; fileRef = CEBCC3F22F3F4C7D00159927 /* Sale.swift */; };
		CEBCC4132F3F4C7D00159927 /* AddAnimalSheet.swift in Sources */ = {isa = PBXBuildFile; fileRef = CEBCC3F42F3F4C7D00159927 /* AddAnimalSheet.swift */; };
		CEBCC4142F3F4C7D00159927 /* Animals.swift in Sources */ = {isa = PBXBuildFile; fileRef = CEBCC3F72F3F4C7D00159927 /* Animals.swift */; };
		CEBCC4152F3F4C7D00159927 /* Main.swift in Sources */ = {isa = PBXBuildFile; fileRef = CEBCC3FB2F3F4C7D00159927 /* Main.swift */; };
		CEBCC4162F3F4C7D00159927 /* Sales.swift in Sources */ = {isa = PBXBuildFile; fileRef = CEBCC3FD2F3F4C7D00159927 /* Sales.swift */; };
		CEBCC4172F3F4C7D00159927 /* Statistics.swift in Sources */ = {isa = PBXBuildFile; fileRef = CEBCC3FE2F3F4C7D00159927 /* Statistics.swift */; };
		CEBCC4182F3F4C7D00159927 /* Root.swift in Sources */ = {isa = PBXBuildFile; fileRef = CEBCC3EA2F3F4C7D00159927 /* Root.swift */; };
		CEBCC4192F3F4C7D00159927 /* SizeExtention.swift in Sources */ = {isa = PBXBuildFile; fileRef = CEBCC3EC2F3F4C7D00159927 /* SizeExtention.swift */; };
		CEBCC41A2F3F4C7D00159927 /* AddSaleSheet.swift in Sources */ = {isa = PBXBuildFile; fileRef = CEBCC3F52F3F4C7D00159927 /* AddSaleSheet.swift */; };
/* End PBXBuildFile section */

/* Begin PBXFileReference section */
		CE4006C52ED9C0940054D39F /* AppSettings.plist */ = {isa = PBXFileReference; lastKnownFileType = text.plist.xml; path = AppSettings.plist; sourceTree = "<group>"; };
		CE87285E2ED5D40800D557F3 /* IOSTemplate3.app */ = {isa = PBXFileReference; explicitFileType = wrapper.application; includeInIndex = 0; path = IOSTemplate3.app; sourceTree = BUILT_PRODUCTS_DIR; };
		CEB7B8E62F2751190094E4B4 /* UserNotifications.framework */ = {isa = PBXFileReference; lastKnownFileType = wrapper.framework; name = UserNotifications.framework; path = System/Library/Frameworks/UserNotifications.framework; sourceTree = SDKROOT; };
		CEB7B9232F275B590094E4B4 /* GoogleService-Info.plist */ = {isa = PBXFileReference; lastKnownFileType = text.plist.xml; path = "GoogleService-Info.plist"; sourceTree = "<group>"; };
		CEBCC3E92F3F4C7D00159927 /* NavigationGuard.swift */ = {isa = PBXFileReference; lastKnownFileType = sourcecode.swift; path = NavigationGuard.swift; sourceTree = "<group>"; };
		CEBCC3EA2F3F4C7D00159927 /* Root.swift */ = {isa = PBXFileReference; lastKnownFileType = sourcecode.swift; path = Root.swift; sourceTree = "<group>"; };
		CEBCC3EC2F3F4C7D00159927 /* SizeExtention.swift */ = {isa = PBXFileReference; lastKnownFileType = sourcecode.swift; path = SizeExtention.swift; sourceTree = "<group>"; };
		CEBCC3EE2F3F4C7D00159927 /* Onest-Medium.ttf */ = {isa = PBXFileReference; lastKnownFileType = file; path = "Onest-Medium.ttf"; sourceTree = "<group>"; };
		CEBCC3EF2F3F4C7D00159927 /* Onest-SemiBold.ttf */ = {isa = PBXFileReference; lastKnownFileType = file; path = "Onest-SemiBold.ttf"; sourceTree = "<group>"; };
		CEBCC3F12F3F4C7D00159927 /* Animal.swift */ = {isa = PBXFileReference; lastKnownFileType = sourcecode.swift; path = Animal.swift; sourceTree = "<group>"; };
		CEBCC3F22F3F4C7D00159927 /* Sale.swift */ = {isa = PBXFileReference; lastKnownFileType = sourcecode.swift; path = Sale.swift; sourceTree = "<group>"; };
		CEBCC3F42F3F4C7D00159927 /* AddAnimalSheet.swift */ = {isa = PBXFileReference; lastKnownFileType = sourcecode.swift; path = AddAnimalSheet.swift; sourceTree = "<group>"; };
		CEBCC3F52F3F4C7D00159927 /* AddSaleSheet.swift */ = {isa = PBXFileReference; lastKnownFileType = sourcecode.swift; path = AddSaleSheet.swift; sourceTree = "<group>"; };
		CEBCC3F62F3F4C7D00159927 /* AnimalCard.swift */ = {isa = PBXFileReference; lastKnownFileType = sourcecode.swift; path = AnimalCard.swift; sourceTree = "<group>"; };
		CEBCC3F72F3F4C7D00159927 /* Animals.swift */ = {isa = PBXFileReference; lastKnownFileType = sourcecode.swift; path = Animals.swift; sourceTree = "<group>"; };
		CEBCC3F82F3F4C7D00159927 /* BottomBar.swift */ = {isa = PBXFileReference; lastKnownFileType = sourcecode.swift; path = BottomBar.swift; sourceTree = "<group>"; };
		CEBCC3F92F3F4C7D00159927 /* DeleteConfirmationSheet.swift */ = {isa = PBXFileReference; lastKnownFileType = sourcecode.swift; path = DeleteConfirmationSheet.swift; sourceTree = "<group>"; };
		CEBCC3FA2F3F4C7D00159927 /* Loading.swift */ = {isa = PBXFileReference; lastKnownFileType = sourcecode.swift; path = Loading.swift; sourceTree = "<group>"; };
		CEBCC3FB2F3F4C7D00159927 /* Main.swift */ = {isa = PBXFileReference; lastKnownFileType = sourcecode.swift; path = Main.swift; sourceTree = "<group>"; };
		CEBCC3FC2F3F4C7D00159927 /* SaleCard.swift */ = {isa = PBXFileReference; lastKnownFileType = sourcecode.swift; path = SaleCard.swift; sourceTree = "<group>"; };
		CEBCC3FD2F3F4C7D00159927 /* Sales.swift */ = {isa = PBXFileReference; lastKnownFileType = sourcecode.swift; path = Sales.swift; sourceTree = "<group>"; };
		CEBCC3FE2F3F4C7D00159927 /* Statistics.swift */ = {isa = PBXFileReference; lastKnownFileType = sourcecode.swift; path = Statistics.swift; sourceTree = "<group>"; };
		CEBCC4002F3F4C7D00159927 /* Assets.xcassets */ = {isa = PBXFileReference; lastKnownFileType = folder.assetcatalog; path = Assets.xcassets; sourceTree = "<group>"; };
		CEBCC4012F3F4C7D00159927 /* Farm_Animal.entitlements */ = {isa = PBXFileReference; lastKnownFileType = text.plist.entitlements; path = Farm_Animal.entitlements; sourceTree = "<group>"; };
/* End PBXFileReference section */

/* Begin PBXFileSystemSynchronizedBuildFileExceptionSet section */
		CE8729D22ED7382100D557F3 /* Exceptions for "IOSTemplate3" folder in "IOSTemplate3" target */ = {
			isa = PBXFileSystemSynchronizedBuildFileExceptionSet;
			membershipExceptions = (
				Info.plist,
			);
			target = CE87285D2ED5D40800D557F3 /* IOSTemplate3 */;
		};
/* End PBXFileSystemSynchronizedBuildFileExceptionSet section */

/* Begin PBXFileSystemSynchronizedRootGroup section */
		CE8728602ED5D40800D557F3 /* IOSTemplate3 */ = {
			isa = PBXFileSystemSynchronizedRootGroup;
			exceptions = (
				CE8729D22ED7382100D557F3 /* Exceptions for "IOSTemplate3" folder in "IOSTemplate3" target */,
			);
			path = IOSTemplate3;
			sourceTree = "<group>";
		};
/* End PBXFileSystemSynchronizedRootGroup section */

/* Begin PBXFrameworksBuildPhase section */
		CE87285B2ED5D40800D557F3 /* Frameworks */ = {
			isa = PBXFrameworksBuildPhase;
			buildActionMask = 2147483647;
			files = (
				CE7720682EEFFF50005AB565 /* FirebaseMessaging in Frameworks */,
				CE77206D2EF00037005AB565 /* FirebaseAuth in Frameworks */,
				CEB7B8E72F2751190094E4B4 /* UserNotifications.framework in Frameworks */,
				CE77206F2EF00079005AB565 /* FirebaseAnalytics in Frameworks */,
				CEB7B9E52F276C400094E4B4 /* AppsFlyerLib-Static in Frameworks */,
				CE7720642EEFFF50005AB565 /* FirebaseDatabase in Frameworks */,
				CE7720662EEFFF50005AB565 /* FirebaseInstallations in Frameworks */,
			);
			runOnlyForDeploymentPostprocessing = 0;
		};
/* End PBXFrameworksBuildPhase section */

/* Begin PBXGroup section */
		CE7720692EEFFFEF005AB565 /* Frameworks */ = {
			isa = PBXGroup;
			children = (
				CEB7B8E62F2751190094E4B4 /* UserNotifications.framework */,
			);
			name = Frameworks;
			sourceTree = "<group>";
		};
		CE8728552ED5D40700D557F3 = {
			isa = PBXGroup;
			children = (
				CE4006C52ED9C0940054D39F /* AppSettings.plist */,
				CE8728602ED5D40800D557F3 /* IOSTemplate3 */,
				CE87285F2ED5D40800D557F3 /* Products */,
				CE7720692EEFFFEF005AB565 /* Frameworks */,
				CEB7B9232F275B590094E4B4 /* GoogleService-Info.plist */,
				CEBCC4032F3F4C7D00159927 /* Farm Animal 2 */,
			);
			sourceTree = "<group>";
		};
		CE87285F2ED5D40800D557F3 /* Products */ = {
			isa = PBXGroup;
			children = (
				CE87285E2ED5D40800D557F3 /* IOSTemplate3.app */,
			);
			name = Products;
			sourceTree = "<group>";
		};
		CEBCC3EB2F3F4C7D00159927 /* Coordinator */ = {
			isa = PBXGroup;
			children = (
				CEBCC3E92F3F4C7D00159927 /* NavigationGuard.swift */,
				CEBCC3EA2F3F4C7D00159927 /* Root.swift */,
			);
			path = Coordinator;
			sourceTree = "<group>";
		};
		CEBCC3ED2F3F4C7D00159927 /* Extention */ = {
			isa = PBXGroup;
			children = (
				CEBCC3EC2F3F4C7D00159927 /* SizeExtention.swift */,
			);
			path = Extention;
			sourceTree = "<group>";
		};
		CEBCC3F02F3F4C7D00159927 /* Fonts */ = {
			isa = PBXGroup;
			children = (
				CEBCC3EE2F3F4C7D00159927 /* Onest-Medium.ttf */,
				CEBCC3EF2F3F4C7D00159927 /* Onest-SemiBold.ttf */,
			);
			path = Fonts;
			sourceTree = "<group>";
		};
		CEBCC3F32F3F4C7D00159927 /* Models */ = {
			isa = PBXGroup;
			children = (
				CEBCC3F12F3F4C7D00159927 /* Animal.swift */,
				CEBCC3F22F3F4C7D00159927 /* Sale.swift */,
			);
			path = Models;
			sourceTree = "<group>";
		};
		CEBCC3FF2F3F4C7D00159927 /* Views */ = {
			isa = PBXGroup;
			children = (
				CEBCC3F42F3F4C7D00159927 /* AddAnimalSheet.swift */,
				CEBCC3F52F3F4C7D00159927 /* AddSaleSheet.swift */,
				CEBCC3F62F3F4C7D00159927 /* AnimalCard.swift */,
				CEBCC3F72F3F4C7D00159927 /* Animals.swift */,
				CEBCC3F82F3F4C7D00159927 /* BottomBar.swift */,
				CEBCC3F92F3F4C7D00159927 /* DeleteConfirmationSheet.swift */,
				CEBCC3FA2F3F4C7D00159927 /* Loading.swift */,
				CEBCC3FB2F3F4C7D00159927 /* Main.swift */,
				CEBCC3FC2F3F4C7D00159927 /* SaleCard.swift */,
				CEBCC3FD2F3F4C7D00159927 /* Sales.swift */,
				CEBCC3FE2F3F4C7D00159927 /* Statistics.swift */,
			);
			path = Views;
			sourceTree = "<group>";
		};
		CEBCC4032F3F4C7D00159927 /* Farm Animal 2 */ = {
			isa = PBXGroup;
			children = (
				CEBCC3EB2F3F4C7D00159927 /* Coordinator */,
				CEBCC3ED2F3F4C7D00159927 /* Extention */,
				CEBCC3F02F3F4C7D00159927 /* Fonts */,
				CEBCC3F32F3F4C7D00159927 /* Models */,
				CEBCC3FF2F3F4C7D00159927 /* Views */,
				CEBCC4002F3F4C7D00159927 /* Assets.xcassets */,
				CEBCC4012F3F4C7D00159927 /* Farm_Animal.entitlements */,
			);
			path = "Farm Animal 2";
			sourceTree = "<group>";
		};
/* End PBXGroup section */

/* Begin PBXNativeTarget section */
		CE87285D2ED5D40800D557F3 /* IOSTemplate3 */ = {
			isa = PBXNativeTarget;
			buildConfigurationList = CE8728752ED5D40A00D557F3 /* Build configuration list for PBXNativeTarget "IOSTemplate3" */;
			buildPhases = (
				CE87285A2ED5D40800D557F3 /* Sources */,
				CE87285B2ED5D40800D557F3 /* Frameworks */,
				CE87285C2ED5D40800D557F3 /* Resources */,
			);
			buildRules = (
			);
			dependencies = (
			);
			fileSystemSynchronizedGroups = (
				CE8728602ED5D40800D557F3 /* IOSTemplate3 */,
			);
			name = IOSTemplate3;
			packageProductDependencies = (
				CE7720632EEFFF50005AB565 /* FirebaseDatabase */,
				CE7720652EEFFF50005AB565 /* FirebaseInstallations */,
				CE7720672EEFFF50005AB565 /* FirebaseMessaging */,
				CE77206C2EF00037005AB565 /* FirebaseAuth */,
				CE77206E2EF00079005AB565 /* FirebaseAnalytics */,
				CEB7B9E42F276C400094E4B4 /* AppsFlyerLib-Static */,
			);
			productName = IOSTemplate3;
			productReference = CE87285E2ED5D40800D557F3 /* IOSTemplate3.app */;
			productType = "com.apple.product-type.application";
		};
/* End PBXNativeTarget section */

/* Begin PBXProject section */
		CE8728562ED5D40700D557F3 /* Project object */ = {
			isa = PBXProject;
			attributes = {
				BuildIndependentTargetsInParallel = 1;
				LastSwiftUpdateCheck = 2610;
				LastUpgradeCheck = 2610;
				TargetAttributes = {
					CE87285D2ED5D40800D557F3 = {
						CreatedOnToolsVersion = 26.1;
					};
				};
			};
			buildConfigurationList = CE8728592ED5D40700D557F3 /* Build configuration list for PBXProject "IOSTemplate3" */;
			developmentRegion = en;
			hasScannedForEncodings = 0;
			knownRegions = (
				en,
				Base,
			);
			mainGroup = CE8728552ED5D40700D557F3;
			minimizedProjectReferenceProxies = 1;
			packageReferences = (
				CE7720622EEFFF50005AB565 /* XCRemoteSwiftPackageReference "firebase-ios-sdk" */,
				CEB7B9E32F276C400094E4B4 /* XCRemoteSwiftPackageReference "AppsFlyerFramework-Static" */,
			);
			preferredProjectObjectVersion = 77;
			productRefGroup = CE87285F2ED5D40800D557F3 /* Products */;
			projectDirPath = "";
			projectRoot = "";
			targets = (
				CE87285D2ED5D40800D557F3 /* IOSTemplate3 */,
			);
		};
/* End PBXProject section */

/* Begin PBXResourcesBuildPhase section */
		CE87285C2ED5D40800D557F3 /* Resources */ = {
			isa = PBXResourcesBuildPhase;
			buildActionMask = 2147483647;
			files = (
				CEB7B9242F275B590094E4B4 /* GoogleService-Info.plist in Resources */,
				CEBCC4062F3F4C7D00159927 /* Onest-SemiBold.ttf in Resources */,
				CEBCC4072F3F4C7D00159927 /* Onest-Medium.ttf in Resources */,
				CEBCC4092F3F4C7D00159927 /* Assets.xcassets in Resources */,
				CE4006C62ED9C0940054D39F /* AppSettings.plist in Resources */,
			);
			runOnlyForDeploymentPostprocessing = 0;
		};
/* End PBXResourcesBuildPhase section */

/* Begin PBXSourcesBuildPhase section */
		CE87285A2ED5D40800D557F3 /* Sources */ = {
			isa = PBXSourcesBuildPhase;
			buildActionMask = 2147483647;
			files = (
				CEBCC40A2F3F4C7D00159927 /* DeleteConfirmationSheet.swift in Sources */,
				CEBCC40B2F3F4C7D00159927 /* AnimalCard.swift in Sources */,
				CEBCC40C2F3F4C7D00159927 /* BottomBar.swift in Sources */,
				CEBCC40D2F3F4C7D00159927 /* Loading.swift in Sources */,
				CEBCC40E2F3F4C7D00159927 /* SaleCard.swift in Sources */,
				CEBCC40F2F3F4C7D00159927 /* Animal.swift in Sources */,
				CEBCC4102F3F4C7D00159927 /* NavigationGuard.swift in Sources */,
				CEBCC4122F3F4C7D00159927 /* Sale.swift in Sources */,
				CEBCC4132F3F4C7D00159927 /* AddAnimalSheet.swift in Sources */,
				CEBCC4142F3F4C7D00159927 /* Animals.swift in Sources */,
				CEBCC4152F3F4C7D00159927 /* Main.swift in Sources */,
				CEBCC4162F3F4C7D00159927 /* Sales.swift in Sources */,
				CEBCC4172F3F4C7D00159927 /* Statistics.swift in Sources */,
				CEBCC4182F3F4C7D00159927 /* Root.swift in Sources */,
				CEBCC4192F3F4C7D00159927 /* SizeExtention.swift in Sources */,
				CEBCC41A2F3F4C7D00159927 /* AddSaleSheet.swift in Sources */,
			);
			runOnlyForDeploymentPostprocessing = 0;
		};
/* End PBXSourcesBuildPhase section */

/* Begin XCBuildConfiguration section */
		CE8728732ED5D40A00D557F3 /* Debug */ = {
			isa = XCBuildConfiguration;
			buildSettings = {
				ALWAYS_SEARCH_USER_PATHS = NO;
				ASSETCATALOG_COMPILER_GENERATE_SWIFT_ASSET_SYMBOL_EXTENSIONS = YES;
				CLANG_ANALYZER_NONNULL = YES;
				CLANG_ANALYZER_NUMBER_OBJECT_CONVERSION = YES_AGGRESSIVE;
				CLANG_CXX_LANGUAGE_STANDARD = "gnu++20";
				CLANG_ENABLE_MODULES = YES;
				CLANG_ENABLE_OBJC_ARC = YES;
				CLANG_ENABLE_OBJC_WEAK = YES;
				CLANG_WARN_BLOCK_CAPTURE_AUTORELEASING = YES;
				CLANG_WARN_BOOL_CONVERSION = YES;
				CLANG_WARN_COMMA = YES;
				CLANG_WARN_CONSTANT_CONVERSION = YES;
				CLANG_WARN_DEPRECATED_OBJC_IMPLEMENTATIONS = YES;
				CLANG_WARN_DIRECT_OBJC_ISA_USAGE = YES_ERROR;
				CLANG_WARN_DOCUMENTATION_COMMENTS = YES;
				CLANG_WARN_EMPTY_BODY = YES;
				CLANG_WARN_ENUM_CONVERSION = YES;
				CLANG_WARN_INFINITE_RECURSION = YES;
				CLANG_WARN_INT_CONVERSION = YES;
				CLANG_WARN_NON_LITERAL_NULL_CONVERSION = YES;
				CLANG_WARN_OBJC_IMPLICIT_RETAIN_SELF = YES;
				CLANG_WARN_OBJC_LITERAL_CONVERSION = YES;
				CLANG_WARN_OBJC_ROOT_CLASS = YES_ERROR;
				CLANG_WARN_QUOTED_INCLUDE_IN_FRAMEWORK_HEADER = YES;
				CLANG_WARN_RANGE_LOOP_ANALYSIS = YES;
				CLANG_WARN_STRICT_PROTOTYPES = YES;
				CLANG_WARN_SUSPICIOUS_MOVE = YES;
				CLANG_WARN_UNGUARDED_AVAILABILITY = YES_AGGRESSIVE;
				CLANG_WARN_UNREACHABLE_CODE = YES;
				CLANG_WARN__DUPLICATE_METHOD_MATCH = YES;
				COPY_PHASE_STRIP = NO;
				DEBUG_INFORMATION_FORMAT = dwarf;
				ENABLE_STRICT_OBJC_MSGSEND = YES;
				ENABLE_TESTABILITY = YES;
				ENABLE_USER_SCRIPT_SANDBOXING = YES;
				GCC_C_LANGUAGE_STANDARD = gnu17;
				GCC_DYNAMIC_NO_PIC = NO;
				GCC_NO_COMMON_BLOCKS = YES;
				GCC_OPTIMIZATION_LEVEL = 0;
				GCC_PREPROCESSOR_DEFINITIONS = (
					"DEBUG=1",
					"$(inherited)",
				);
				GCC_WARN_64_TO_32_BIT_CONVERSION = YES;
				GCC_WARN_ABOUT_RETURN_TYPE = YES_ERROR;
				GCC_WARN_UNDECLARED_SELECTOR = YES;
				GCC_WARN_UNINITIALIZED_AUTOS = YES_AGGRESSIVE;
				GCC_WARN_UNUSED_FUNCTION = YES;
				GCC_WARN_UNUSED_VARIABLE = YES;
				IPHONEOS_DEPLOYMENT_TARGET = 26.1;
				LOCALIZATION_PREFERS_STRING_CATALOGS = YES;
				MTL_ENABLE_DEBUG_INFO = INCLUDE_SOURCE;
				MTL_FAST_MATH = YES;
				ONLY_ACTIVE_ARCH = YES;
				SDKROOT = iphoneos;
				SWIFT_ACTIVE_COMPILATION_CONDITIONS = "DEBUG $(inherited)";
				SWIFT_OPTIMIZATION_LEVEL = "-Onone";
			};
			name = Debug;
		};
		CE8728742ED5D40A00D557F3 /* Release */ = {
			isa = XCBuildConfiguration;
			buildSettings = {
				ALWAYS_SEARCH_USER_PATHS = NO;
				ASSETCATALOG_COMPILER_GENERATE_SWIFT_ASSET_SYMBOL_EXTENSIONS = YES;
				CLANG_ANALYZER_NONNULL = YES;
				CLANG_ANALYZER_NUMBER_OBJECT_CONVERSION = YES_AGGRESSIVE;
				CLANG_CXX_LANGUAGE_STANDARD = "gnu++20";
				CLANG_ENABLE_MODULES = YES;
				CLANG_ENABLE_OBJC_ARC = YES;
				CLANG_ENABLE_OBJC_WEAK = YES;
				CLANG_WARN_BLOCK_CAPTURE_AUTORELEASING = YES;
				CLANG_WARN_BOOL_CONVERSION = YES;
				CLANG_WARN_COMMA = YES;
				CLANG_WARN_CONSTANT_CONVERSION = YES;
				CLANG_WARN_DEPRECATED_OBJC_IMPLEMENTATIONS = YES;
				CLANG_WARN_DIRECT_OBJC_ISA_USAGE = YES_ERROR;
				CLANG_WARN_DOCUMENTATION_COMMENTS = YES;
				CLANG_WARN_EMPTY_BODY = YES;
				CLANG_WARN_ENUM_CONVERSION = YES;
				CLANG_WARN_INFINITE_RECURSION = YES;
				CLANG_WARN_INT_CONVERSION = YES;
				CLANG_WARN_NON_LITERAL_NULL_CONVERSION = YES;
				CLANG_WARN_OBJC_IMPLICIT_RETAIN_SELF = YES;
				CLANG_WARN_OBJC_LITERAL_CONVERSION = YES;
				CLANG_WARN_OBJC_ROOT_CLASS = YES_ERROR;
				CLANG_WARN_QUOTED_INCLUDE_IN_FRAMEWORK_HEADER = YES;
				CLANG_WARN_RANGE_LOOP_ANALYSIS = YES;
				CLANG_WARN_STRICT_PROTOTYPES = YES;
				CLANG_WARN_SUSPICIOUS_MOVE = YES;
				CLANG_WARN_UNGUARDED_AVAILABILITY = YES_AGGRESSIVE;
				CLANG_WARN_UNREACHABLE_CODE = YES;
				CLANG_WARN__DUPLICATE_METHOD_MATCH = YES;
				COPY_PHASE_STRIP = NO;
				DEBUG_INFORMATION_FORMAT = "dwarf-with-dsym";
				ENABLE_NS_ASSERTIONS = NO;
				ENABLE_STRICT_OBJC_MSGSEND = YES;
				ENABLE_USER_SCRIPT_SANDBOXING = YES;
				GCC_C_LANGUAGE_STANDARD = gnu17;
				GCC_NO_COMMON_BLOCKS = YES;
				GCC_WARN_64_TO_32_BIT_CONVERSION = YES;
				GCC_WARN_ABOUT_RETURN_TYPE = YES_ERROR;
				GCC_WARN_UNDECLARED_SELECTOR = YES;
				GCC_WARN_UNINITIALIZED_AUTOS = YES_AGGRESSIVE;
				GCC_WARN_UNUSED_FUNCTION = YES;
				GCC_WARN_UNUSED_VARIABLE = YES;
				IPHONEOS_DEPLOYMENT_TARGET = 26.1;
				LOCALIZATION_PREFERS_STRING_CATALOGS = YES;
				MTL_ENABLE_DEBUG_INFO = NO;
				MTL_FAST_MATH = YES;
				SDKROOT = iphoneos;
				SWIFT_COMPILATION_MODE = wholemodule;
				VALIDATE_PRODUCT = YES;
			};
			name = Release;
		};
		CE8728762ED5D40A00D557F3 /* Debug */ = {
			isa = XCBuildConfiguration;
			buildSettings = {
				ASSETCATALOG_COMPILER_APPICON_NAME = AppIcon;
				ASSETCATALOG_COMPILER_GLOBAL_ACCENT_COLOR_NAME = AccentColor;
				CODE_SIGN_ENTITLEMENTS = IOSTemplate3/IOSTemplate3.entitlements;
				CODE_SIGN_IDENTITY = "Apple Development";
				CODE_SIGN_STYLE = Automatic;
				CURRENT_PROJECT_VERSION = 2;
				DEVELOPMENT_TEAM = TZCUKDMG3L;
				GENERATE_INFOPLIST_FILE = YES;
				INFOPLIST_FILE = IOSTemplate3/Info.plist;
				INFOPLIST_KEY_CFBundleDisplayName = "Farm Animal Tracker";
				INFOPLIST_KEY_NSCameraUsageDescription = "We need access to the camera to take photos and videos.";
				INFOPLIST_KEY_NSMicrophoneUsageDescription = "We need access to your microphone to record audio.";
				INFOPLIST_KEY_NSPhotoLibraryUsageDescription = "We need access to the photo library to save photos and videos.";
				INFOPLIST_KEY_UIApplicationSupportsIndirectInputEvents = YES;
				INFOPLIST_KEY_UILaunchStoryboardName = LaunchScreen;
				INFOPLIST_KEY_UIMainStoryboardFile = LaunchScreen;
				INFOPLIST_KEY_UIStatusBarHidden = YES;
				INFOPLIST_KEY_UISupportedInterfaceOrientations_iPad = "UIInterfaceOrientationPortrait UIInterfaceOrientationPortraitUpsideDown UIInterfaceOrientationLandscapeLeft UIInterfaceOrientationLandscapeRight";
				INFOPLIST_KEY_UISupportedInterfaceOrientations_iPhone = "UIInterfaceOrientationPortrait UIInterfaceOrientationLandscapeLeft UIInterfaceOrientationLandscapeRight";
				IPHONEOS_DEPLOYMENT_TARGET = 17;
				LD_RUNPATH_SEARCH_PATHS = (
					"$(inherited)",
					"@executable_path/Frameworks",
				);
				MARKETING_VERSION = 1.1;
				PRODUCT_BUNDLE_IDENTIFIER = com.animaltracker.farm;
				PRODUCT_NAME = "$(TARGET_NAME)";
				PROVISIONING_PROFILE_SPECIFIER = "";
				STRING_CATALOG_GENERATE_SYMBOLS = YES;
				SUPPORTED_PLATFORMS = "iphoneos iphonesimulator";
				SUPPORTS_MACCATALYST = NO;
				SUPPORTS_MAC_DESIGNED_FOR_IPHONE_IPAD = NO;
				SUPPORTS_XR_DESIGNED_FOR_IPHONE_IPAD = NO;
				SWIFT_APPROACHABLE_CONCURRENCY = YES;
				SWIFT_DEFAULT_ACTOR_ISOLATION = MainActor;
				SWIFT_EMIT_LOC_STRINGS = YES;
				SWIFT_UPCOMING_FEATURE_MEMBER_IMPORT_VISIBILITY = YES;
				SWIFT_VERSION = 5.0;
				TARGETED_DEVICE_FAMILY = 1;
			};
			name = Debug;
		};
		CE8728772ED5D40A00D557F3 /* Release */ = {
			isa = XCBuildConfiguration;
			buildSettings = {
				ASSETCATALOG_COMPILER_APPICON_NAME = AppIcon;
				ASSETCATALOG_COMPILER_GLOBAL_ACCENT_COLOR_NAME = AccentColor;
				CODE_SIGN_ENTITLEMENTS = IOSTemplate3/IOSTemplate3.entitlements;
				CODE_SIGN_IDENTITY = "Apple Development";
				CODE_SIGN_STYLE = Automatic;
				CURRENT_PROJECT_VERSION = 2;
				DEVELOPMENT_TEAM = TZCUKDMG3L;
				GENERATE_INFOPLIST_FILE = YES;
				INFOPLIST_FILE = IOSTemplate3/Info.plist;
				INFOPLIST_KEY_CFBundleDisplayName = "Farm Animal Tracker";
				INFOPLIST_KEY_NSCameraUsageDescription = "We need access to the camera to take photos and videos.";
				INFOPLIST_KEY_NSMicrophoneUsageDescription = "We need access to your microphone to record audio.";
				INFOPLIST_KEY_NSPhotoLibraryUsageDescription = "We need access to the photo library to save photos and videos.";
				INFOPLIST_KEY_UIApplicationSupportsIndirectInputEvents = YES;
				INFOPLIST_KEY_UILaunchStoryboardName = LaunchScreen;
				INFOPLIST_KEY_UIMainStoryboardFile = LaunchScreen;
				INFOPLIST_KEY_UIStatusBarHidden = YES;
				INFOPLIST_KEY_UISupportedInterfaceOrientations_iPad = "UIInterfaceOrientationPortrait UIInterfaceOrientationPortraitUpsideDown UIInterfaceOrientationLandscapeLeft UIInterfaceOrientationLandscapeRight";
				INFOPLIST_KEY_UISupportedInterfaceOrientations_iPhone = "UIInterfaceOrientationPortrait UIInterfaceOrientationLandscapeLeft UIInterfaceOrientationLandscapeRight";
				IPHONEOS_DEPLOYMENT_TARGET = 17;
				LD_RUNPATH_SEARCH_PATHS = (
					"$(inherited)",
					"@executable_path/Frameworks",
				);
				MARKETING_VERSION = 1.1;
				PRODUCT_BUNDLE_IDENTIFIER = com.animaltracker.farm;
				PRODUCT_NAME = "$(TARGET_NAME)";
				PROVISIONING_PROFILE_SPECIFIER = "";
				STRING_CATALOG_GENERATE_SYMBOLS = YES;
				SUPPORTED_PLATFORMS = "iphoneos iphonesimulator";
				SUPPORTS_MACCATALYST = NO;
				SUPPORTS_MAC_DESIGNED_FOR_IPHONE_IPAD = NO;
				SUPPORTS_XR_DESIGNED_FOR_IPHONE_IPAD = NO;
				SWIFT_APPROACHABLE_CONCURRENCY = YES;
				SWIFT_DEFAULT_ACTOR_ISOLATION = MainActor;
				SWIFT_EMIT_LOC_STRINGS = YES;
				SWIFT_UPCOMING_FEATURE_MEMBER_IMPORT_VISIBILITY = YES;
				SWIFT_VERSION = 5.0;
				TARGETED_DEVICE_FAMILY = 1;
			};
			name = Release;
		};
/* End XCBuildConfiguration section */

/* Begin XCConfigurationList section */
		CE8728592ED5D40700D557F3 /* Build configuration list for PBXProject "IOSTemplate3" */ = {
			isa = XCConfigurationList;
			buildConfigurations = (
				CE8728732ED5D40A00D557F3 /* Debug */,
				CE8728742ED5D40A00D557F3 /* Release */,
			);
			defaultConfigurationIsVisible = 0;
			defaultConfigurationName = Release;
		};
		CE8728752ED5D40A00D557F3 /* Build configuration list for PBXNativeTarget "IOSTemplate3" */ = {
			isa = XCConfigurationList;
			buildConfigurations = (
				CE8728762ED5D40A00D557F3 /* Debug */,
				CE8728772ED5D40A00D557F3 /* Release */,
			);
			defaultConfigurationIsVisible = 0;
			defaultConfigurationName = Release;
		};
/* End XCConfigurationList section */

/* Begin XCRemoteSwiftPackageReference section */
		CE7720622EEFFF50005AB565 /* XCRemoteSwiftPackageReference "firebase-ios-sdk" */ = {
			isa = XCRemoteSwiftPackageReference;
			repositoryURL = "https://github.com/firebase/firebase-ios-sdk";
			requirement = {
				kind = upToNextMajorVersion;
				minimumVersion = 12.7.0;
			};
		};
		CEB7B9E32F276C400094E4B4 /* XCRemoteSwiftPackageReference "AppsFlyerFramework-Static" */ = {
			isa = XCRemoteSwiftPackageReference;
			repositoryURL = "https://github.com/AppsFlyerSDK/AppsFlyerFramework-Static";
			requirement = {
				kind = upToNextMajorVersion;
				minimumVersion = 6.17.8;
			};
		};
/* End XCRemoteSwiftPackageReference section */

/* Begin XCSwiftPackageProductDependency section */
		CE7720632EEFFF50005AB565 /* FirebaseDatabase */ = {
			isa = XCSwiftPackageProductDependency;
			package = CE7720622EEFFF50005AB565 /* XCRemoteSwiftPackageReference "firebase-ios-sdk" */;
			productName = FirebaseDatabase;
		};
		CE7720652EEFFF50005AB565 /* FirebaseInstallations */ = {
			isa = XCSwiftPackageProductDependency;
			package = CE7720622EEFFF50005AB565 /* XCRemoteSwiftPackageReference "firebase-ios-sdk" */;
			productName = FirebaseInstallations;
		};
		CE7720672EEFFF50005AB565 /* FirebaseMessaging */ = {
			isa = XCSwiftPackageProductDependency;
			package = CE7720622EEFFF50005AB565 /* XCRemoteSwiftPackageReference "firebase-ios-sdk" */;
			productName = FirebaseMessaging;
		};
		CE77206C2EF00037005AB565 /* FirebaseAuth */ = {
			isa = XCSwiftPackageProductDependency;
			package = CE7720622EEFFF50005AB565 /* XCRemoteSwiftPackageReference "firebase-ios-sdk" */;
			productName = FirebaseAuth;
		};
		CE77206E2EF00079005AB565 /* FirebaseAnalytics */ = {
			isa = XCSwiftPackageProductDependency;
			package = CE7720622EEFFF50005AB565 /* XCRemoteSwiftPackageReference "firebase-ios-sdk" */;
			productName = FirebaseAnalytics;
		};
		CEB7B9E42F276C400094E4B4 /* AppsFlyerLib-Static */ = {
			isa = XCSwiftPackageProductDependency;
			package = CEB7B9E32F276C400094E4B4 /* XCRemoteSwiftPackageReference "AppsFlyerFramework-Static" */;
			productName = "AppsFlyerLib-Static";
		};
/* End XCSwiftPackageProductDependency section */
	};
	rootObject = CE8728562ED5D40700D557F3 /* Project object */;
}
